
Microsoft Visual Studio Solution File, Format Version 12.00
# Visual Studio Version 16
VisualStudioVersion = 16.0.29318.209
MinimumVisualStudioVersion = 10.0.40219.1
Project("{8BC9CEB8-8B4A-11D0-8D11-00A0C91BC942}") = "冒泡排序", "冒泡排序.vcxproj", "{849ABF3D-9A1C-4296-A766-AC5913F3DB6F}"
EndProject
Global
	GlobalSection(SolutionConfigurationPlatforms) = preSolution
		Debug|x64 = Debug|x64
		Debug|x86 = Debug|x86
		Release|x64 = Release|x64
		Release|x86 = Release|x86
	EndGlobalSection
	GlobalSection(ProjectConfigurationPlatforms) = postSolution
		{849ABF3D-9A1C-4296-A766-AC5913F3DB6F}.Debug|x64.ActiveCfg = Debug|x64
		{849ABF3D-9A1C-4296-A766-AC5913F3DB6F}.Debug|x64.Build.0 = Debug|x64
		{849ABF3D-9A1C-4296-A766-AC5913F3DB6F}.Debug|x86.ActiveCfg = Debug|Win32
		{849ABF3D-9A1C-4296-A766-AC5913F3DB6F}.Debug|x86.Build.0 = Debug|Win32
		{849ABF3D-9A1C-4296-A766-AC5913F3DB6F}.Release|x64.ActiveCfg = Release|x64
		{849ABF3D-9A1C-4296-A766-AC5913F3DB6F}.Release|x64.Build.0 = Release|x64
		{849ABF3D-9A1C-4296-A766-AC5913F3DB6F}.Release|x86.ActiveCfg = Release|Win32
		{849ABF3D-9A1C-4296-A766-AC5913F3DB6F}.Release|x86.Build.0 = Release|Win32
	EndGlobalSection
	GlobalSection(SolutionProperties) = preSolution
		HideSolutionNode = FALSE
	EndGlobalSection
	GlobalSection(ExtensibilityGlobals) = postSolution
		SolutionGuid = {C5C53E3D-5A15-4DE2-ADA6-2EE1334BE97D}
	EndGlobalSection
EndGlobal
